// !$*UTF8*$!
{ archiveVersion = 1; classes = {}; objectVersion = 56; objects = {
F00D00000000000000000021 = { isa = PBXFileReference; lastKnownFileType = sourcecode.swift; path = "App/Localization.swift"; sourceTree = "<group>"; };
F00D00000000000000000022 = { isa = PBXBuildFile; fileRef = F00D00000000000000000021; };
F00D00000000000000000023 = { isa = PBXFileReference; lastKnownFileType = text.json.xcstrings; path = "App/Localizable.xcstrings"; sourceTree = "<group>"; };
F00D00000000000000000024 = { isa = PBXBuildFile; fileRef = F00D00000000000000000023; };
F00D00000000000000000025 = { isa = PBXFileReference; lastKnownFileType = text.json.xcstrings; path = "App/InfoPlist.xcstrings"; sourceTree = "<group>"; };
F00D00000000000000000026 = { isa = PBXBuildFile; fileRef = F00D00000000000000000025; };

F00D00000000000000000011 = { isa = PBXFileReference; lastKnownFileType = sourcecode.swift; path = "App/SettingsScreen.swift"; sourceTree = "<group>"; };
F00D00000000000000000012 = { isa = PBXBuildFile; fileRef = F00D00000000000000000011; };
F00D00000000000000000013 = { isa = PBXFileReference; lastKnownFileType = sourcecode.swift; path = "App/WorkoutAnalysisSection.swift"; sourceTree = "<group>"; };
F00D00000000000000000014 = { isa = PBXBuildFile; fileRef = F00D00000000000000000013; };
F00D00000000000000000015 = { isa = PBXFileReference; lastKnownFileType = sourcecode.swift; path = "App/MetricAnalysisScreen.swift"; sourceTree = "<group>"; };
F00D00000000000000000016 = { isa = PBXBuildFile; fileRef = F00D00000000000000000015; };
F00D00000000000000000017 = { isa = PBXFileReference; lastKnownFileType = sourcecode.swift; path = "App/TrainingHistoryScreen.swift"; sourceTree = "<group>"; };
F00D00000000000000000018 = { isa = PBXBuildFile; fileRef = F00D00000000000000000017; };
F00D00000000000000000001 = { isa = PBXFileReference; lastKnownFileType = sourcecode.swift; path = "App/PowerCurveSection.swift"; sourceTree = "<group>"; };
F00D00000000000000000002 = { isa = PBXBuildFile; fileRef = F00D00000000000000000001; };
961A9B751B9C44BCB1B1984C = { isa = PBXFileReference; lastKnownFileType = sourcecode.swift; path = "App/AuthenticatedRoot.swift"; sourceTree = "<group>"; };
8474319CB99E49B3A1C97010 = { isa = PBXBuildFile; fileRef = 961A9B751B9C44BCB1B1984C; };
871F57308C0B4EC994913432 = { isa = PBXFileReference; lastKnownFileType = sourcecode.swift; path = "App/ServerScreen.swift"; sourceTree = "<group>"; };
28E0D21AF4B149A9BF339C67 = { isa = PBXBuildFile; fileRef = 871F57308C0B4EC994913432; };
17BFB5469A1E99B152301FAA = { isa = PBXFileReference; lastKnownFileType = sourcecode.swift; path = "App/FitnessStyle.swift"; sourceTree = "<group>"; };
29BFB5469A1E99B152301FBB = { isa = PBXBuildFile; fileRef = 17BFB5469A1E99B152301FAA; };
5FCC3AB48A2A835BA5C97789 = { isa = PBXFileReference; lastKnownFileType = sourcecode.swift; path = "App/FitnessApp.swift"; sourceTree = "<group>"; };
4DF0841F2FE2A32416CE80A7 = { isa = PBXBuildFile; fileRef = 5FCC3AB48A2A835BA5C97789; };
90EBE0A54E6BC22EB5012C77 = { isa = PBXFileReference; lastKnownFileType = sourcecode.swift; path = "App/HealthExportScreen.swift"; sourceTree = "<group>"; };
895AE86D8CF49DADE19B4780 = { isa = PBXBuildFile; fileRef = 90EBE0A54E6BC22EB5012C77; };
D0FBF73A612D9054525269AA = { isa = PBXFileReference; lastKnownFileType = sourcecode.swift; path = "App/HealthImportScreen.swift"; sourceTree = "<group>"; };
CEDDB794071CA65DB72EF425 = { isa = PBXBuildFile; fileRef = D0FBF73A612D9054525269AA; };
D62E1BE6FF33D2B21E853071 = { isa = PBXFileReference; lastKnownFileType = sourcecode.swift; path = "App/HealthReader.swift"; sourceTree = "<group>"; };
8E4FCE3F434B58D505C91A55 = { isa = PBXBuildFile; fileRef = D62E1BE6FF33D2B21E853071; };
8C69F4B46702D5F8B9C96780 = { isa = PBXFileReference; lastKnownFileType = sourcecode.swift; path = "App/HealthWriter.swift"; sourceTree = "<group>"; };
2E049FA135962ECD502CD026 = { isa = PBXBuildFile; fileRef = 8C69F4B46702D5F8B9C96780; };
698C6D464BB26F3A07C2D245 = { isa = PBXFileReference; lastKnownFileType = sourcecode.swift; path = "App/WorkoutDetailScreen.swift"; sourceTree = "<group>"; };
0B739B2D2F12F475AEC2998F = { isa = PBXBuildFile; fileRef = 698C6D464BB26F3A07C2D245; };
7A3E9768B3C3BE167B58B981 = { isa = PBXFileReference; lastKnownFileType = sourcecode.swift; path = "App/WorkoutListScreen.swift"; sourceTree = "<group>"; };
D23109350ED8FA3814D691AC = { isa = PBXBuildFile; fileRef = 7A3E9768B3C3BE167B58B981; };
7A665CDC8B6BB82F90923CBD = { isa = PBXFileReference; lastKnownFileType = sourcecode.swift; path = UITests/AuthenticationUITests.swift; sourceTree = "<group>"; };
746629965A4FF5F5BB45B3B5 = { isa = PBXBuildFile; fileRef = 7A665CDC8B6BB82F90923CBD; };
681C948D238C526E9E3424E0 = { isa = PBXFileReference; explicitFileType = wrapper.application; path = Fitness.app; sourceTree = BUILT_PRODUCTS_DIR; };
93E46A602338E07A8524AEF6 = { isa = PBXFileReference; explicitFileType = wrapper.cfbundle; path = FitnessUITests.xctest; sourceTree = BUILT_PRODUCTS_DIR; };
0A3E27B8CA818264D75C8D81 = { isa = PBXGroup; children = (681C948D238C526E9E3424E0, 93E46A602338E07A8524AEF6,); name = Products; sourceTree = "<group>"; };
19F479106CE8C3BA8C106518 = { isa = PBXGroup; children = (F00D00000000000000000025, F00D00000000000000000023, F00D00000000000000000021, F00D00000000000000000011, F00D00000000000000000013, F00D00000000000000000015, F00D00000000000000000017, F00D00000000000000000001, 17BFB5469A1E99B152301FAA, 961A9B751B9C44BCB1B1984C, 871F57308C0B4EC994913432, 5FCC3AB48A2A835BA5C97789, 90EBE0A54E6BC22EB5012C77, D0FBF73A612D9054525269AA, D62E1BE6FF33D2B21E853071, 8C69F4B46702D5F8B9C96780, 698C6D464BB26F3A07C2D245, 7A3E9768B3C3BE167B58B981, 7A665CDC8B6BB82F90923CBD, 0A3E27B8CA818264D75C8D81,); sourceTree = "<group>"; };
BC4A71180870F7945155FBB0 = { isa = XCLocalSwiftPackageReference; relativePath = .; };
0D45F5FD462B8C70BFFB1002 = { isa = XCSwiftPackageProductDependency; productName = FitnessCore; };
D932C4868EB80E739DC03A48 = { isa = PBXBuildFile; productRef = 0D45F5FD462B8C70BFFB1002; };
878A52FC5FF6A57D50B7B870 = { isa = PBXSourcesBuildPhase; buildActionMask = 2147483647; files = (F00D00000000000000000022, F00D00000000000000000012, F00D00000000000000000014, F00D00000000000000000016, F00D00000000000000000018, F00D00000000000000000002, 29BFB5469A1E99B152301FBB, 8474319CB99E49B3A1C97010, 28E0D21AF4B149A9BF339C67, 4DF0841F2FE2A32416CE80A7, 895AE86D8CF49DADE19B4780, CEDDB794071CA65DB72EF425, 8E4FCE3F434B58D505C91A55, 2E049FA135962ECD502CD026, 0B739B2D2F12F475AEC2998F, D23109350ED8FA3814D691AC,); runOnlyForDeploymentPostprocessing = 0; };
E2AA269EB967A8853A258BFA = { isa = PBXFrameworksBuildPhase; buildActionMask = 2147483647; files = (D932C4868EB80E739DC03A48,); runOnlyForDeploymentPostprocessing = 0; };
760DD443C1DF2461277A1FDF = { isa = PBXSourcesBuildPhase; buildActionMask = 2147483647; files = (746629965A4FF5F5BB45B3B5,); runOnlyForDeploymentPostprocessing = 0; };
2B23A31EEC75B029432F2445 = { isa = XCBuildConfiguration; buildSettings = { CLANG_ENABLE_MODULES = YES; SDKROOT = iphoneos; IPHONEOS_DEPLOYMENT_TARGET = 17.0; SWIFT_VERSION = 5.0; SWIFT_STRICT_CONCURRENCY = complete; SWIFT_OPTIMIZATION_LEVEL = "-Onone"; SWIFT_ACTIVE_COMPILATION_CONDITIONS = DEBUG; ENABLE_TESTABILITY = YES; ONLY_ACTIVE_ARCH = YES; }; name = Debug; };
AA9B1D3BE1353EBD76471D11 = { isa = XCBuildConfiguration; buildSettings = { PRODUCT_NAME = Fitness; PRODUCT_BUNDLE_IDENTIFIER = com.aifitness.app; INFOPLIST_FILE = App/Info.plist; CODE_SIGN_ENTITLEMENTS = App/Fitness.entitlements; CODE_SIGN_STYLE = Automatic; TARGETED_DEVICE_FAMILY = "1,2"; SWIFT_EMIT_LOC_STRINGS = YES; }; name = Debug; };
7C233544B17DD67C39852A5C = { isa = XCBuildConfiguration; buildSettings = { PRODUCT_NAME = FitnessUITests; PRODUCT_BUNDLE_IDENTIFIER = com.aifitness.app.uitests; GENERATE_INFOPLIST_FILE = YES; CODE_SIGN_STYLE = Automatic; TEST_TARGET_NAME = Fitness; TARGETED_DEVICE_FAMILY = "1,2"; }; name = Debug; };
07CA1E69F6068DEA30A4DA6B = { isa = XCBuildConfiguration; buildSettings = { CLANG_ENABLE_MODULES = YES; SDKROOT = iphoneos; IPHONEOS_DEPLOYMENT_TARGET = 17.0; SWIFT_VERSION = 5.0; SWIFT_STRICT_CONCURRENCY = complete; SWIFT_OPTIMIZATION_LEVEL = "-O"; }; name = Release; };
1E2E67F111F111E446D58E6C = { isa = XCBuildConfiguration; buildSettings = { PRODUCT_NAME = Fitness; PRODUCT_BUNDLE_IDENTIFIER = com.aifitness.app; INFOPLIST_FILE = App/Info.plist; CODE_SIGN_ENTITLEMENTS = App/Fitness.entitlements; CODE_SIGN_STYLE = Automatic; TARGETED_DEVICE_FAMILY = "1,2"; SWIFT_EMIT_LOC_STRINGS = YES; }; name = Release; };
58F1DDCC41908ACB3CE7DAD8 = { isa = XCBuildConfiguration; buildSettings = { PRODUCT_NAME = FitnessUITests; PRODUCT_BUNDLE_IDENTIFIER = com.aifitness.app.uitests; GENERATE_INFOPLIST_FILE = YES; CODE_SIGN_STYLE = Automatic; TEST_TARGET_NAME = Fitness; TARGETED_DEVICE_FAMILY = "1,2"; }; name = Release; };
B4E10CAA9C5E22150B71559C = { isa = XCConfigurationList; buildConfigurations = (2B23A31EEC75B029432F2445, 07CA1E69F6068DEA30A4DA6B,); defaultConfigurationIsVisible = 0; defaultConfigurationName = Release; };
7BCEE9A04133D8A2FED7D4D3 = { isa = XCConfigurationList; buildConfigurations = (AA9B1D3BE1353EBD76471D11, 1E2E67F111F111E446D58E6C,); defaultConfigurationIsVisible = 0; defaultConfigurationName = Release; };
3DA41B28AE8CC11ED1C9F917 = { isa = XCConfigurationList; buildConfigurations = (7C233544B17DD67C39852A5C, 58F1DDCC41908ACB3CE7DAD8,); defaultConfigurationIsVisible = 0; defaultConfigurationName = Release; };
A172CEDCAE47474B615C54D5 = { isa = PBXNativeTarget; buildConfigurationList = 7BCEE9A04133D8A2FED7D4D3; buildPhases = (F00D00000000000000000028, 878A52FC5FF6A57D50B7B870, E2AA269EB967A8853A258BFA, F00D00000000000000000027,); buildRules = (); dependencies = (); name = Fitness; packageProductDependencies = (0D45F5FD462B8C70BFFB1002,); productName = Fitness; productReference = 681C948D238C526E9E3424E0; productType = "com.apple.product-type.application"; };
1241936D4DD3AAD68FE7BFBD = { isa = PBXContainerItemProxy; containerPortal = 244210E48437B6556980A702; proxyType = 1; remoteGlobalIDString = A172CEDCAE47474B615C54D5; remoteInfo = Fitness; };
ED40BD87FBCF2122DC0DA2CB = { isa = PBXTargetDependency; target = A172CEDCAE47474B615C54D5; targetProxy = 1241936D4DD3AAD68FE7BFBD; };
D3EF7DE562F9A4A34A9A0B05 = { isa = PBXNativeTarget; buildConfigurationList = 3DA41B28AE8CC11ED1C9F917; buildPhases = (760DD443C1DF2461277A1FDF,); buildRules = (); dependencies = (ED40BD87FBCF2122DC0DA2CB,); name = FitnessUITests; productName = FitnessUITests; productReference = 93E46A602338E07A8524AEF6; productType = "com.apple.product-type.bundle.ui-testing"; };
244210E48437B6556980A702 = { isa = PBXProject; attributes = { BuildIndependentTargetsInParallel = YES; LastSwiftUpdateCheck = 1540; LastUpgradeCheck = 1540; }; buildConfigurationList = B4E10CAA9C5E22150B71559C; compatibilityVersion = "Xcode 14.0"; developmentRegion = en; hasScannedForEncodings = 0; knownRegions = (en, Base, "zh-Hans",); mainGroup = 19F479106CE8C3BA8C106518; packageReferences = (BC4A71180870F7945155FBB0,); productRefGroup = 0A3E27B8CA818264D75C8D81; projectDirPath = ""; projectRoot = ""; targets = (A172CEDCAE47474B615C54D5, D3EF7DE562F9A4A34A9A0B05,); };
F00D00000000000000000027 = { isa = PBXResourcesBuildPhase; buildActionMask = 2147483647; files = (F00D00000000000000000024, F00D00000000000000000026,); runOnlyForDeploymentPostprocessing = 0; };
F00D00000000000000000028 = { isa = PBXShellScriptBuildPhase; alwaysOutOfDate = 1; buildActionMask = 2147483647; files = (); inputPaths = ("$(SRCROOT)/check_localizations.py", "$(SRCROOT)/App/Localizable.xcstrings", "$(SRCROOT)/App/InfoPlist.xcstrings",); name = "Validate localizations"; outputPaths = (); runOnlyForDeploymentPostprocessing = 0; shellPath = /bin/sh; shellScript = "/usr/bin/python3 \"$SRCROOT/check_localizations.py\""; };
}; rootObject = 244210E48437B6556980A702; }
